
Microsoft Visual Studio Solution File, Format Version 12.00
Project("{FAE04EC0-301F-11D3-BF4B-00C04F79EFBC}") = "Harmony.CLI", "Harmony.CLI\Harmony.CLI.csproj", "{E562B366-F929-4B1D-9334-CAEE3286050E}"
EndProject
Project("{FAE04EC0-301F-11D3-BF4B-00C04F79EFBC}") = "Harmony.ProjectGeneration", "Harmony.ProjectGeneration\Harmony.ProjectGeneration.csproj", "{8483924F-A194-4073-B254-42B6EF649A37}"
EndProject
Project("{FAE04EC0-301F-11D3-BF4B-00C04F79EFBC}") = "Harmony.Domain", "Harmony.Domain\Harmony.Domain.csproj", "{2C876DEF-399A-498E-9362-DCD5A91FADD4}"
EndProject
Global
	GlobalSection(SolutionConfigurationPlatforms) = preSolution
		Debug|Any CPU = Debug|Any CPU
		Release|Any CPU = Release|Any CPU
	EndGlobalSection
	GlobalSection(ProjectConfigurationPlatforms) = postSolution
		{E562B366-F929-4B1D-9334-CAEE3286050E}.Debug|Any CPU.ActiveCfg = Debug|Any CPU
		{E562B366-F929-4B1D-9334-CAEE3286050E}.Debug|Any CPU.Build.0 = Debug|Any CPU
		{E562B366-F929-4B1D-9334-CAEE3286050E}.Release|Any CPU.ActiveCfg = Release|Any CPU
		{E562B366-F929-4B1D-9334-CAEE3286050E}.Release|Any CPU.Build.0 = Release|Any CPU
		{8483924F-A194-4073-B254-42B6EF649A37}.Debug|Any CPU.ActiveCfg = Debug|Any CPU
		{8483924F-A194-4073-B254-42B6EF649A37}.Debug|Any CPU.Build.0 = Debug|Any CPU
		{8483924F-A194-4073-B254-42B6EF649A37}.Release|Any CPU.ActiveCfg = Release|Any CPU
		{8483924F-A194-4073-B254-42B6EF649A37}.Release|Any CPU.Build.0 = Release|Any CPU
		{2C876DEF-399A-498E-9362-DCD5A91FADD4}.Debug|Any CPU.ActiveCfg = Debug|Any CPU
		{2C876DEF-399A-498E-9362-DCD5A91FADD4}.Debug|Any CPU.Build.0 = Debug|Any CPU
		{2C876DEF-399A-498E-9362-DCD5A91FADD4}.Release|Any CPU.ActiveCfg = Release|Any CPU
		{2C876DEF-399A-498E-9362-DCD5A91FADD4}.Release|Any CPU.Build.0 = Release|Any CPU
	EndGlobalSection
EndGlobal
